
Microsoft Visual Studio Solution File, Format Version 12.00
# Visual Studio Version 17
VisualStudioVersion = 17.10.34607.79
MinimumVisualStudioVersion = 10.0.40219.1
Project("{9A19103F-16F7-4668-BE54-9A1E7A4F7556}") = "CLED.Artic.Web", "CLED.Artic.Web\CLED.Artic.Web.csproj", "{EE44CCD8-2F9A-4B8A-9CE5-BCBB51FE1F26}"
EndProject
Global
	GlobalSection(SolutionConfigurationPlatforms) = preSolution
		Debug|Any CPU = Debug|Any CPU
		Release|Any CPU = Release|Any CPU
	EndGlobalSection
	GlobalSection(ProjectConfigurationPlatforms) = postSolution
		{EE44CCD8-2F9A-4B8A-9CE5-BCBB51FE1F26}.Debug|Any CPU.ActiveCfg = Debug|Any CPU
		{EE44CCD8-2F9A-4B8A-9CE5-BCBB51FE1F26}.Debug|Any CPU.Build.0 = Debug|Any CPU
		{EE44CCD8-2F9A-4B8A-9CE5-BCBB51FE1F26}.Release|Any CPU.ActiveCfg = Release|Any CPU
		{EE44CCD8-2F9A-4B8A-9CE5-BCBB51FE1F26}.Release|Any CPU.Build.0 = Release|Any CPU
	EndGlobalSection
	GlobalSection(SolutionProperties) = preSolution
		HideSolutionNode = FALSE
	EndGlobalSection
	GlobalSection(ExtensibilityGlobals) = postSolution
		SolutionGuid = {EC9E0242-8A0F-4EAA-BAD8-23927A254F61}
	EndGlobalSection
EndGlobal
